// !$*UTF8*$!
{
	archiveVersion = 1;
	classes = {
	};
	objectVersion = 46;
	objects = {

/* Begin PBXBuildFile section */
		7F16E50216C8885A00C5C060 /* EditItemViewController.m in Sources */ = {isa = PBXBuildFile; fileRef = 7F16E50116C8885A00C5C060 /* EditItemViewController.m */; };
		7F1CB43616BCC8BA00F77D92 /* UIKit.framework in Frameworks */ = {isa = PBXBuildFile; fileRef = 7F1CB43516BCC8BA00F77D92 /* UIKit.framework */; };
		7F1CB43816BCC8BA00F77D92 /* Foundation.framework in Frameworks */ = {isa = PBXBuildFile; fileRef = 7F1CB43716BCC8BA00F77D92 /* Foundation.framework */; };
		7F1CB43A16BCC8BA00F77D92 /* CoreGraphics.framework in Frameworks */ = {isa = PBXBuildFile; fileRef = 7F1CB43916BCC8BA00F77D92 /* CoreGraphics.framework */; };
		7F1CB43C16BCC8BA00F77D92 /* CoreData.framework in Frameworks */ = {isa = PBXBuildFile; fileRef = 7F1CB43B16BCC8BA00F77D92 /* CoreData.framework */; };
		7F2170AF16D2C75A00303CF5 /* SnellRoundhandBold.ttf in Resources */ = {isa = PBXBuildFile; fileRef = 7F2170AE16D2C75A00303CF5 /* SnellRoundhandBold.ttf */; };
		7F2170B116D2CA0B00303CF5 /* Snell Roundhand Black Script.ttf in Resources */ = {isa = PBXBuildFile; fileRef = 7F2170B016D2CA0B00303CF5 /* Snell Roundhand Black Script.ttf */; };
		7F27F50116EE97200021F223 /* SASlideMenuContentSegue.m in Sources */ = {isa = PBXBuildFile; fileRef = 7F27F4F216EE97200021F223 /* SASlideMenuContentSegue.m */; };
		7F27F50216EE97200021F223 /* SASlideMenuLeftMenuSegue.m in Sources */ = {isa = PBXBuildFile; fileRef = 7F27F4F416EE97200021F223 /* SASlideMenuLeftMenuSegue.m */; };
		7F27F50316EE97200021F223 /* SASlideMenuRightMenuSegue.m in Sources */ = {isa = PBXBuildFile; fileRef = 7F27F4F616EE97200021F223 /* SASlideMenuRightMenuSegue.m */; };
		7F27F50416EE97200021F223 /* SASlideMenuPushSegue.m in Sources */ = {isa = PBXBuildFile; fileRef = 7F27F4F816EE97200021F223 /* SASlideMenuPushSegue.m */; };
		7F27F50516EE97200021F223 /* SASlideMenuViewController.m in Sources */ = {isa = PBXBuildFile; fileRef = 7F27F4FA16EE97200021F223 /* SASlideMenuViewController.m */; };
		7F27F50616EE97200021F223 /* SASlideMenuRootViewController.m in Sources */ = {isa = PBXBuildFile; fileRef = 7F27F4FC16EE97200021F223 /* SASlideMenuRootViewController.m */; };
		7F27F50716EE97200021F223 /* SASlideMenuRightMenuViewController.m in Sources */ = {isa = PBXBuildFile; fileRef = 7F27F4FE16EE97200021F223 /* SASlideMenuRightMenuViewController.m */; };
		7F27F50816EE97200021F223 /* SASlideMenuNavigationController.m in Sources */ = {isa = PBXBuildFile; fileRef = 7F27F50016EE97200021F223 /* SASlideMenuNavigationController.m */; };
		7F27F50B16EE97B30021F223 /* SlideViewController.m in Sources */ = {isa = PBXBuildFile; fileRef = 7F27F50A16EE97B30021F223 /* SlideViewController.m */; };
		7F27F52916EE9B820021F223 /* Screenshot-Dynamic-Menu.png in Resources */ = {isa = PBXBuildFile; fileRef = 7F27F50D16EE9B820021F223 /* Screenshot-Dynamic-Menu.png */; };
		7F27F52A16EE9B820021F223 /* Screenshot-Dynamic-Right.png in Resources */ = {isa = PBXBuildFile; fileRef = 7F27F50E16EE9B820021F223 /* Screenshot-Dynamic-Right.png */; };
		7F27F52B16EE9B820021F223 /* Screenshot-Static-Menu.png in Resources */ = {isa = PBXBuildFile; fileRef = 7F27F50F16EE9B820021F223 /* Screenshot-Static-Menu.png */; };
		7F27F52C16EE9B820021F223 /* menuright.png in Resources */ = {isa = PBXBuildFile; fileRef = 7F27F51016EE9B820021F223 /* menuright.png */; };
		7F27F52D16EE9B820021F223 /* menuright@2x.png in Resources */ = {isa = PBXBuildFile; fileRef = 7F27F51116EE9B820021F223 /* menuright@2x.png */; };
		7F27F52E16EE9B820021F223 /* rowcircle.png in Resources */ = {isa = PBXBuildFile; fileRef = 7F27F51216EE9B820021F223 /* rowcircle.png */; };
		7F27F52F16EE9B820021F223 /* rowcircle@2x.png in Resources */ = {isa = PBXBuildFile; fileRef = 7F27F51316EE9B820021F223 /* rowcircle@2x.png */; };
		7F27F53016EE9B820021F223 /* rowpenta.png in Resources */ = {isa = PBXBuildFile; fileRef = 7F27F51416EE9B820021F223 /* rowpenta.png */; };
		7F27F53116EE9B820021F223 /* rowpenta@@x.png in Resources */ = {isa = PBXBuildFile; fileRef = 7F27F51516EE9B820021F223 /* rowpenta@@x.png */; };
		7F27F53216EE9B820021F223 /* rowpenta@2x.png in Resources */ = {isa = PBXBuildFile; fileRef = 7F27F51616EE9B820021F223 /* rowpenta@2x.png */; };
		7F27F53316EE9B820021F223 /* rowsquare.png in Resources */ = {isa = PBXBuildFile; fileRef = 7F27F51716EE9B820021F223 /* rowsquare.png */; };
		7F27F53416EE9B820021F223 /* rowsquare@2x.png in Resources */ = {isa = PBXBuildFile; fileRef = 7F27F51816EE9B820021F223 /* rowsquare@2x.png */; };
		7F27F53516EE9B820021F223 /* selectedColoredRow.png in Resources */ = {isa = PBXBuildFile; fileRef = 7F27F51916EE9B820021F223 /* selectedColoredRow.png */; };
		7F27F53616EE9B820021F223 /* selectedColoredRow@2x.png in Resources */ = {isa = PBXBuildFile; fileRef = 7F27F51A16EE9B820021F223 /* selectedColoredRow@2x.png */; };
		7F27F53716EE9B820021F223 /* Screenshot-Landscape.png in Resources */ = {isa = PBXBuildFile; fileRef = 7F27F51B16EE9B820021F223 /* Screenshot-Landscape.png */; };
		7F27F53816EE9B820021F223 /* Screenshot-Portrait.png in Resources */ = {isa = PBXBuildFile; fileRef = 7F27F51C16EE9B820021F223 /* Screenshot-Portrait.png */; };
		7F27F53916EE9B820021F223 /* menu.png in Resources */ = {isa = PBXBuildFile; fileRef = 7F27F51D16EE9B820021F223 /* menu.png */; };
		7F27F53A16EE9B820021F223 /* menu@2x.png in Resources */ = {isa = PBXBuildFile; fileRef = 7F27F51E16EE9B820021F223 /* menu@2x.png */; };
		7F27F53B16EE9B820021F223 /* menuhighlighted.png in Resources */ = {isa = PBXBuildFile; fileRef = 7F27F51F16EE9B820021F223 /* menuhighlighted.png */; };
		7F27F53C16EE9B820021F223 /* menuhighlighted@2x.png in Resources */ = {isa = PBXBuildFile; fileRef = 7F27F52016EE9B820021F223 /* menuhighlighted@2x.png */; };
		7F27F53D16EE9B820021F223 /* menuicon.png in Resources */ = {isa = PBXBuildFile; fileRef = 7F27F52116EE9B820021F223 /* menuicon.png */; };
		7F27F53E16EE9B820021F223 /* menuicon@2x.png in Resources */ = {isa = PBXBuildFile; fileRef = 7F27F52216EE9B820021F223 /* menuicon@2x.png */; };
		7F27F53F16EE9B820021F223 /* disclosure.png in Resources */ = {isa = PBXBuildFile; fileRef = 7F27F52316EE9B820021F223 /* disclosure.png */; };
		7F27F54016EE9B820021F223 /* disclosure@2x.png in Resources */ = {isa = PBXBuildFile; fileRef = 7F27F52416EE9B820021F223 /* disclosure@2x.png */; };
		7F27F54116EE9B820021F223 /* row.png in Resources */ = {isa = PBXBuildFile; fileRef = 7F27F52516EE9B820021F223 /* row.png */; };
		7F27F54216EE9B820021F223 /* row@2x.png in Resources */ = {isa = PBXBuildFile; fileRef = 7F27F52616EE9B820021F223 /* row@2x.png */; };
		7F27F54316EE9B820021F223 /* rowselected.png in Resources */ = {isa = PBXBuildFile; fileRef = 7F27F52716EE9B820021F223 /* rowselected.png */; };
		7F27F54416EE9B820021F223 /* rowselected@2x.png in Resources */ = {isa = PBXBuildFile; fileRef = 7F27F52816EE9B820021F223 /* rowselected@2x.png */; };
		7F27F54716EE9DF30021F223 /* MenuCell.m in Sources */ = {isa = PBXBuildFile; fileRef = 7F27F54616EE9DF30021F223 /* MenuCell.m */; };
		7F66435116D2DC7E004E527B /* retina_wood@2X.png in Resources */ = {isa = PBXBuildFile; fileRef = 7F66434F16D2DC7E004E527B /* retina_wood@2X.png */; };
		7F66435216D2DC7E004E527B /* retina_wood.png in Resources */ = {isa = PBXBuildFile; fileRef = 7F66435016D2DC7E004E527B /* retina_wood.png */; };
		7F66435516D2DEF4004E527B /* KGNoise.m in Sources */ = {isa = PBXBuildFile; fileRef = 7F66435416D2DEF4004E527B /* KGNoise.m */; };
		7F8A071D16C9C41200EFB1F8 /* QuartzCore.framework in Frameworks */ = {isa = PBXBuildFile; fileRef = 7F8A071C16C9C41200EFB1F8 /* QuartzCore.framework */; };
		7F8A072F16C9C9EA00EFB1F8 /* settings.png in Resources */ = {isa = PBXBuildFile; fileRef = 7F8A072D16C9C9E900EFB1F8 /* settings.png */; };
		7F8A073016C9C9EA00EFB1F8 /* settings@2x.png in Resources */ = {isa = PBXBuildFile; fileRef = 7F8A072E16C9C9E900EFB1F8 /* settings@2x.png */; };
		7F8DB74D16EDADBD002CB947 /* Constants.m in Sources */ = {isa = PBXBuildFile; fileRef = 7F8DB74C16EDADBD002CB947 /* Constants.m */; };
		7F9A65B316CAC2F200EBBA30 /* RecipeTableViewController.m in Sources */ = {isa = PBXBuildFile; fileRef = 7F9A65B216CAC2F200EBBA30 /* RecipeTableViewController.m */; };
		7F9A65BE16CB417700EBBA30 /* icon@2x.png in Resources */ = {isa = PBXBuildFile; fileRef = 7F9A65BC16CB417700EBBA30 /* icon@2x.png */; };
		7F9A65BF16CB417700EBBA30 /* icon.png in Resources */ = {isa = PBXBuildFile; fileRef = 7F9A65BD16CB417700EBBA30 /* icon.png */; };
		7F9C555D16D701A20015224C /* Parse.framework in Frameworks */ = {isa = PBXBuildFile; fileRef = 7F9C555C16D701A20015224C /* Parse.framework */; };
		7F9C555F16D701E80015224C /* AudioToolbox.framework in Frameworks */ = {isa = PBXBuildFile; fileRef = 7F9C555E16D701E80015224C /* AudioToolbox.framework */; };
		7F9C556116D701ED0015224C /* Accounts.framework in Frameworks */ = {isa = PBXBuildFile; fileRef = 7F9C556016D701ED0015224C /* Accounts.framework */; };
		7F9C556316D701F30015224C /* AdSupport.framework in Frameworks */ = {isa = PBXBuildFile; fileRef = 7F9C556216D701F30015224C /* AdSupport.framework */; };
		7F9C556516D701F90015224C /* CFNetwork.framework in Frameworks */ = {isa = PBXBuildFile; fileRef = 7F9C556416D701F90015224C /* CFNetwork.framework */; };
		7F9C556716D702050015224C /* CoreLocation.framework in Frameworks */ = {isa = PBXBuildFile; fileRef = 7F9C556616D702050015224C /* CoreLocation.framework */; };
		7F9C556916D7020D0015224C /* libsqlite3.dylib in Frameworks */ = {isa = PBXBuildFile; fileRef = 7F9C556816D7020D0015224C /* libsqlite3.dylib */; };
		7F9C556B16D702160015224C /* libz.1.1.3.dylib in Frameworks */ = {isa = PBXBuildFile; fileRef = 7F9C556A16D702160015224C /* libz.1.1.3.dylib */; };
		7F9C556D16D7021E0015224C /* MobileCoreServices.framework in Frameworks */ = {isa = PBXBuildFile; fileRef = 7F9C556C16D7021E0015224C /* MobileCoreServices.framework */; };
		7F9C556F16D7022F0015224C /* Security.framework in Frameworks */ = {isa = PBXBuildFile; fileRef = 7F9C556E16D7022F0015224C /* Security.framework */; };
		7F9C557116D702340015224C /* Social.framework in Frameworks */ = {isa = PBXBuildFile; fileRef = 7F9C557016D702340015224C /* Social.framework */; };
		7F9C557316D702390015224C /* StoreKit.framework in Frameworks */ = {isa = PBXBuildFile; fileRef = 7F9C557216D702390015224C /* StoreKit.framework */; };
		7F9C557516D7023F0015224C /* SystemConfiguration.framework in Frameworks */ = {isa = PBXBuildFile; fileRef = 7F9C557416D7023F0015224C /* SystemConfiguration.framework */; };
		7FA796C816D3492200102AF7 /* GCDiscreetNotificationView.m in Sources */ = {isa = PBXBuildFile; fileRef = 7FA796C716D3492200102AF7 /* GCDiscreetNotificationView.m */; };
		7FB80ED216C9852C00C25E3E /* SettingsViewController.m in Sources */ = {isa = PBXBuildFile; fileRef = 7FB80ED116C9852C00C25E3E /* SettingsViewController.m */; };
		7FC4F79F16C4918C005E904C /* Delightful.xcdatamodel in Sources */ = {isa = PBXBuildFile; fileRef = 7FC4F79E16C4918C005E904C /* Delightful.xcdatamodel */; };
		7FCB518216DC10F7003C1177 /* sync@2x.png in Resources */ = {isa = PBXBuildFile; fileRef = 7FCB518016DC10F2003C1177 /* sync@2x.png */; };
		7FCB518316DC10F7003C1177 /* sync.png in Resources */ = {isa = PBXBuildFile; fileRef = 7FCB518116DC10F4003C1177 /* sync.png */; };
		7FCB518716DC11BE003C1177 /* DefaultSettingsViewController.m in Sources */ = {isa = PBXBuildFile; fileRef = 7FCB518616DC11BE003C1177 /* DefaultSettingsViewController.m */; };
		7FD4024F16C46ECD0042346C /* AddItemViewController.m in Sources */ = {isa = PBXBuildFile; fileRef = 7FD4024A16C46ECD0042346C /* AddItemViewController.m */; };
		7FD4025016C46ECD0042346C /* AppDelegate.m in Sources */ = {isa = PBXBuildFile; fileRef = 7FD4024C16C46ECD0042346C /* AppDelegate.m */; };
		7FD4025116C46ECD0042346C /* MasterViewController.m in Sources */ = {isa = PBXBuildFile; fileRef = 7FD4024E16C46ECD0042346C /* MasterViewController.m */; };
		7FD4026F16C46F690042346C /* Item.m in Sources */ = {isa = PBXBuildFile; fileRef = 7FD4026B16C46F690042346C /* Item.m */; };
		7FD4027016C46F690042346C /* main.m in Sources */ = {isa = PBXBuildFile; fileRef = 7FD4026C16C46F690042346C /* main.m */; };
		7FD4027E16C46FA30042346C /* cart.png in Resources */ = {isa = PBXBuildFile; fileRef = 7FD4027316C46FA30042346C /* cart.png */; };
		7FD4027F16C46FA30042346C /* cart@2x.png in Resources */ = {isa = PBXBuildFile; fileRef = 7FD4027416C46FA30042346C /* cart@2x.png */; };
		7FD4028016C46FA30042346C /* cartTab.png in Resources */ = {isa = PBXBuildFile; fileRef = 7FD4027516C46FA30042346C /* cartTab.png */; };
		7FD4028116C46FA30042346C /* cartTab@2x.png in Resources */ = {isa = PBXBuildFile; fileRef = 7FD4027616C46FA30042346C /* cartTab@2x.png */; };
		7FD4028216C46FA30042346C /* check.png in Resources */ = {isa = PBXBuildFile; fileRef = 7FD4027716C46FA30042346C /* check.png */; };
		7FD4028316C46FA30042346C /* check@2x.png in Resources */ = {isa = PBXBuildFile; fileRef = 7FD4027816C46FA30042346C /* check@2x.png */; };
		7FD4028416C46FA30042346C /* chef.png in Resources */ = {isa = PBXBuildFile; fileRef = 7FD4027916C46FA30042346C /* chef.png */; };
		7FD4028516C46FA30042346C /* chef@2x.png in Resources */ = {isa = PBXBuildFile; fileRef = 7FD4027A16C46FA30042346C /* chef@2x.png */; };
		7FD4028616C46FA30042346C /* Default-568h@2x.png in Resources */ = {isa = PBXBuildFile; fileRef = 7FD4027B16C46FA30042346C /* Default-568h@2x.png */; };
		7FD4028716C46FA30042346C /* Default.png in Resources */ = {isa = PBXBuildFile; fileRef = 7FD4027C16C46FA30042346C /* Default.png */; };
		7FD4028816C46FA30042346C /* Default@2x.png in Resources */ = {isa = PBXBuildFile; fileRef = 7FD4027D16C46FA30042346C /* Default@2x.png */; };
		7FD4028B16C472090042346C /* MainStoryboard.storyboard in Resources */ = {isa = PBXBuildFile; fileRef = 7FD4028916C472090042346C /* MainStoryboard.storyboard */; };
		7FD4028E16C472180042346C /* InfoPlist.strings in Resources */ = {isa = PBXBuildFile; fileRef = 7FD4028C16C472180042346C /* InfoPlist.strings */; };
		7FDCD8C916C9F4F900EB10E2 /* Model.m in Sources */ = {isa = PBXBuildFile; fileRef = 7FDCD8C816C9F4F900EB10E2 /* Model.m */; };
/* End PBXBuildFile section */

/* Begin PBXFileReference section */
		7F16E50016C8885A00C5C060 /* EditItemViewController.h */ = {isa = PBXFileReference; fileEncoding = 4; lastKnownFileType = sourcecode.c.h; path = EditItemViewController.h; sourceTree = "<group>"; };
		7F16E50116C8885A00C5C060 /* EditItemViewController.m */ = {isa = PBXFileReference; fileEncoding = 4; lastKnownFileType = sourcecode.c.objc; path = EditItemViewController.m; sourceTree = "<group>"; };
		7F1CB43216BCC8BA00F77D92 /* Delightful.app */ = {isa = PBXFileReference; explicitFileType = wrapper.application; includeInIndex = 0; path = Delightful.app; sourceTree = BUILT_PRODUCTS_DIR; };
		7F1CB43516BCC8BA00F77D92 /* UIKit.framework */ = {isa = PBXFileReference; lastKnownFileType = wrapper.framework; name = UIKit.framework; path = System/Library/Frameworks/UIKit.framework; sourceTree = SDKROOT; };
		7F1CB43716BCC8BA00F77D92 /* Foundation.framework */ = {isa = PBXFileReference; lastKnownFileType = wrapper.framework; name = Foundation.framework; path = System/Library/Frameworks/Foundation.framework; sourceTree = SDKROOT; };
		7F1CB43916BCC8BA00F77D92 /* CoreGraphics.framework */ = {isa = PBXFileReference; lastKnownFileType = wrapper.framework; name = CoreGraphics.framework; path = System/Library/Frameworks/CoreGraphics.framework; sourceTree = SDKROOT; };
		7F1CB43B16BCC8BA00F77D92 /* CoreData.framework */ = {isa = PBXFileReference; lastKnownFileType = wrapper.framework; name = CoreData.framework; path = System/Library/Frameworks/CoreData.framework; sourceTree = SDKROOT; };
		7F2170AE16D2C75A00303CF5 /* SnellRoundhandBold.ttf */ = {isa = PBXFileReference; lastKnownFileType = file; path = SnellRoundhandBold.ttf; sourceTree = "<group>"; };
		7F2170B016D2CA0B00303CF5 /* Snell Roundhand Black Script.ttf */ = {isa = PBXFileReference; lastKnownFileType = file; path = "Snell Roundhand Black Script.ttf"; sourceTree = "<group>"; };
		7F27F4EF16EE97200021F223 /* SASlideMenuDataSource.h */ = {isa = PBXFileReference; fileEncoding = 4; lastKnownFileType = sourcecode.c.h; path = SASlideMenuDataSource.h; sourceTree = "<group>"; };
		7F27F4F016EE97200021F223 /* SASlideMenuDelegate.h */ = {isa = PBXFileReference; fileEncoding = 4; lastKnownFileType = sourcecode.c.h; path = SASlideMenuDelegate.h; sourceTree = "<group>"; };
		7F27F4F116EE97200021F223 /* SASlideMenuContentSegue.h */ = {isa = PBXFileReference; fileEncoding = 4; lastKnownFileType = sourcecode.c.h; path = SASlideMenuContentSegue.h; sourceTree = "<group>"; };
		7F27F4F216EE97200021F223 /* SASlideMenuContentSegue.m */ = {isa = PBXFileReference; fileEncoding = 4; lastKnownFileType = sourcecode.c.objc; path = SASlideMenuContentSegue.m; sourceTree = "<group>"; };
		7F27F4F316EE97200021F223 /* SASlideMenuLeftMenuSegue.h */ = {isa = PBXFileReference; fileEncoding = 4; lastKnownFileType = sourcecode.c.h; path = SASlideMenuLeftMenuSegue.h; sourceTree = "<group>"; };
		7F27F4F416EE97200021F223 /* SASlideMenuLeftMenuSegue.m */ = {isa = PBXFileReference; fileEncoding = 4; lastKnownFileType = sourcecode.c.objc; path = SASlideMenuLeftMenuSegue.m; sourceTree = "<group>"; };
		7F27F4F516EE97200021F223 /* SASlideMenuRightMenuSegue.h */ = {isa = PBXFileReference; fileEncoding = 4; lastKnownFileType = sourcecode.c.h; path = SASlideMenuRightMenuSegue.h; sourceTree = "<group>"; };
		7F27F4F616EE97200021F223 /* SASlideMenuRightMenuSegue.m */ = {isa = PBXFileReference; fileEncoding = 4; lastKnownFileType = sourcecode.c.objc; path = SASlideMenuRightMenuSegue.m; sourceTree = "<group>"; };
		7F27F4F716EE97200021F223 /* SASlideMenuPushSegue.h */ = {isa = PBXFileReference; fileEncoding = 4; lastKnownFileType = sourcecode.c.h; path = SASlideMenuPushSegue.h; sourceTree = "<group>"; };
		7F27F4F816EE97200021F223 /* SASlideMenuPushSegue.m */ = {isa = PBXFileReference; fileEncoding = 4; lastKnownFileType = sourcecode.c.objc; path = SASlideMenuPushSegue.m; sourceTree = "<group>"; };
		7F27F4F916EE97200021F223 /* SASlideMenuViewController.h */ = {isa = PBXFileReference; fileEncoding = 4; lastKnownFileType = sourcecode.c.h; path = SASlideMenuViewController.h; sourceTree = "<group>"; };
		7F27F4FA16EE97200021F223 /* SASlideMenuViewController.m */ = {isa = PBXFileReference; fileEncoding = 4; lastKnownFileType = sourcecode.c.objc; path = SASlideMenuViewController.m; sourceTree = "<group>"; };
		7F27F4FB16EE97200021F223 /* SASlideMenuRootViewController.h */ = {isa = PBXFileReference; fileEncoding = 4; lastKnownFileType = sourcecode.c.h; path = SASlideMenuRootViewController.h; sourceTree = "<group>"; };
		7F27F4FC16EE97200021F223 /* SASlideMenuRootViewController.m */ = {isa = PBXFileReference; fileEncoding = 4; lastKnownFileType = sourcecode.c.objc; path = SASlideMenuRootViewController.m; sourceTree = "<group>"; };
		7F27F4FD16EE97200021F223 /* SASlideMenuRightMenuViewController.h */ = {isa = PBXFileReference; fileEncoding = 4; lastKnownFileType = sourcecode.c.h; path = SASlideMenuRightMenuViewController.h; sourceTree = "<group>"; };
		7F27F4FE16EE97200021F223 /* SASlideMenuRightMenuViewController.m */ = {isa = PBXFileReference; fileEncoding = 4; lastKnownFileType = sourcecode.c.objc; path = SASlideMenuRightMenuViewController.m; sourceTree = "<group>"; };
		7F27F4FF16EE97200021F223 /* SASlideMenuNavigationController.h */ = {isa = PBXFileReference; fileEncoding = 4; lastKnownFileType = sourcecode.c.h; path = SASlideMenuNavigationController.h; sourceTree = "<group>"; };
		7F27F50016EE97200021F223 /* SASlideMenuNavigationController.m */ = {isa = PBXFileReference; fileEncoding = 4; lastKnownFileType = sourcecode.c.objc; path = SASlideMenuNavigationController.m; sourceTree = "<group>"; };
		7F27F50916EE97B30021F223 /* SlideViewController.h */ = {isa = PBXFileReference; fileEncoding = 4; lastKnownFileType = sourcecode.c.h; path = SlideViewController.h; sourceTree = "<group>"; };
		7F27F50A16EE97B30021F223 /* SlideViewController.m */ = {isa = PBXFileReference; fileEncoding = 4; lastKnownFileType = sourcecode.c.objc; path = SlideViewController.m; sourceTree = "<group>"; };
		7F27F50D16EE9B820021F223 /* Screenshot-Dynamic-Menu.png */ = {isa = PBXFileReference; lastKnownFileType = image.png; path = "Screenshot-Dynamic-Menu.png"; sourceTree = "<group>"; };
		7F27F50E16EE9B820021F223 /* Screenshot-Dynamic-Right.png */ = {isa = PBXFileReference; lastKnownFileType = image.png; path = "Screenshot-Dynamic-Right.png"; sourceTree = "<group>"; };
		7F27F50F16EE9B820021F223 /* Screenshot-Static-Menu.png */ = {isa = PBXFileReference; lastKnownFileType = image.png; path = "Screenshot-Static-Menu.png"; sourceTree = "<group>"; };
		7F27F51016EE9B820021F223 /* menuright.png */ = {isa = PBXFileReference; lastKnownFileType = image.png; path = menuright.png; sourceTree = "<group>"; };
		7F27F51116EE9B820021F223 /* menuright@2x.png */ = {isa = PBXFileReference; lastKnownFileType = image.png; path = "menuright@2x.png"; sourceTree = "<group>"; };
		7F27F51216EE9B820021F223 /* rowcircle.png */ = {isa = PBXFileReference; lastKnownFileType = image.png; path = rowcircle.png; sourceTree = "<group>"; };
		7F27F51316EE9B820021F223 /* rowcircle@2x.png */ = {isa = PBXFileReference; lastKnownFileType = image.png; path = "rowcircle@2x.png"; sourceTree = "<group>"; };
		7F27F51416EE9B820021F223 /* rowpenta.png */ = {isa = PBXFileReference; lastKnownFileType = image.png; path = rowpenta.png; sourceTree = "<group>"; };
		7F27F51516EE9B820021F223 /* rowpenta@@x.png */ = {isa = PBXFileReference; lastKnownFileType = image.png; path = "rowpenta@@x.png"; sourceTree = "<group>"; };
		7F27F51616EE9B820021F223 /* rowpenta@2x.png */ = {isa = PBXFileReference; lastKnownFileType = image.png; path = "rowpenta@2x.png"; sourceTree = "<group>"; };
		7F27F51716EE9B820021F223 /* rowsquare.png */ = {isa = PBXFileReference; lastKnownFileType = image.png; path = rowsquare.png; sourceTree = "<group>"; };
		7F27F51816EE9B820021F223 /* rowsquare@2x.png */ = {isa = PBXFileReference; lastKnownFileType = image.png; path = "rowsquare@2x.png"; sourceTree = "<group>"; };
		7F27F51916EE9B820021F223 /* selectedColoredRow.png */ = {isa = PBXFileReference; lastKnownFileType = image.png; path = selectedColoredRow.png; sourceTree = "<group>"; };
		7F27F51A16EE9B820021F223 /* selectedColoredRow@2x.png */ = {isa = PBXFileReference; lastKnownFileType = image.png; path = "selectedColoredRow@2x.png"; sourceTree = "<group>"; };
		7F27F51B16EE9B820021F223 /* Screenshot-Landscape.png */ = {isa = PBXFileReference; lastKnownFileType = image.png; path = "Screenshot-Landscape.png"; sourceTree = "<group>"; };
		7F27F51C16EE9B820021F223 /* Screenshot-Portrait.png */ = {isa = PBXFileReference; lastKnownFileType = image.png; path = "Screenshot-Portrait.png"; sourceTree = "<group>"; };
		7F27F51D16EE9B820021F223 /* menu.png */ = {isa = PBXFileReference; lastKnownFileType = image.png; path = menu.png; sourceTree = "<group>"; };
		7F27F51E16EE9B820021F223 /* menu@2x.png */ = {isa = PBXFileReference; lastKnownFileType = image.png; path = "menu@2x.png"; sourceTree = "<group>"; };
		7F27F51F16EE9B820021F223 /* menuhighlighted.png */ = {isa = PBXFileReference; lastKnownFileType = image.png; path = menuhighlighted.png; sourceTree = "<group>"; };
		7F27F52016EE9B820021F223 /* menuhighlighted@2x.png */ = {isa = PBXFileReference; lastKnownFileType = image.png; path = "menuhighlighted@2x.png"; sourceTree = "<group>"; };
		7F27F52116EE9B820021F223 /* menuicon.png */ = {isa = PBXFileReference; lastKnownFileType = image.png; path = menuicon.png; sourceTree = "<group>"; };
		7F27F52216EE9B820021F223 /* menuicon@2x.png */ = {isa = PBXFileReference; lastKnownFileType = image.png; path = "menuicon@2x.png"; sourceTree = "<group>"; };
		7F27F52316EE9B820021F223 /* disclosure.png */ = {isa = PBXFileReference; lastKnownFileType = image.png; path = disclosure.png; sourceTree = "<group>"; };
		7F27F52416EE9B820021F223 /* disclosure@2x.png */ = {isa = PBXFileReference; lastKnownFileType = image.png; path = "disclosure@2x.png"; sourceTree = "<group>"; };
		7F27F52516EE9B820021F223 /* row.png */ = {isa = PBXFileReference; lastKnownFileType = image.png; path = row.png; sourceTree = "<group>"; };
		7F27F52616EE9B820021F223 /* row@2x.png */ = {isa = PBXFileReference; lastKnownFileType = image.png; path = "row@2x.png"; sourceTree = "<group>"; };
		7F27F52716EE9B820021F223 /* rowselected.png */ = {isa = PBXFileReference; lastKnownFileType = image.png; path = rowselected.png; sourceTree = "<group>"; };
		7F27F52816EE9B820021F223 /* rowselected@2x.png */ = {isa = PBXFileReference; lastKnownFileType = image.png; path = "rowselected@2x.png"; sourceTree = "<group>"; };
		7F27F54516EE9DF30021F223 /* MenuCell.h */ = {isa = PBXFileReference; fileEncoding = 4; lastKnownFileType = sourcecode.c.h; path = MenuCell.h; sourceTree = "<group>"; };
		7F27F54616EE9DF30021F223 /* MenuCell.m */ = {isa = PBXFileReference; fileEncoding = 4; lastKnownFileType = sourcecode.c.objc; path = MenuCell.m; sourceTree = "<group>"; };
		7F36FA0616EDADF300402C45 /* Constants.h */ = {isa = PBXFileReference; fileEncoding = 4; lastKnownFileType = sourcecode.c.h; path = Constants.h; sourceTree = "<group>"; };
		7F66434F16D2DC7E004E527B /* retina_wood@2X.png */ = {isa = PBXFileReference; lastKnownFileType = image.png; path = "retina_wood@2X.png"; sourceTree = "<group>"; };
		7F66435016D2DC7E004E527B /* retina_wood.png */ = {isa = PBXFileReference; lastKnownFileType = image.png; path = retina_wood.png; sourceTree = "<group>"; };
		7F66435316D2DEF4004E527B /* KGNoise.h */ = {isa = PBXFileReference; fileEncoding = 4; lastKnownFileType = sourcecode.c.h; path = KGNoise.h; sourceTree = "<group>"; };
		7F66435416D2DEF4004E527B /* KGNoise.m */ = {isa = PBXFileReference; fileEncoding = 4; lastKnownFileType = sourcecode.c.objc; path = KGNoise.m; sourceTree = "<group>"; };
		7F8A071C16C9C41200EFB1F8 /* QuartzCore.framework */ = {isa = PBXFileReference; lastKnownFileType = wrapper.framework; name = QuartzCore.framework; path = System/Library/Frameworks/QuartzCore.framework; sourceTree = SDKROOT; };
		7F8A072D16C9C9E900EFB1F8 /* settings.png */ = {isa = PBXFileReference; lastKnownFileType = image.png; path = settings.png; sourceTree = "<group>"; };
		7F8A072E16C9C9E900EFB1F8 /* settings@2x.png */ = {isa = PBXFileReference; lastKnownFileType = image.png; path = "settings@2x.png"; sourceTree = "<group>"; };
		7F8DB74C16EDADBD002CB947 /* Constants.m */ = {isa = PBXFileReference; fileEncoding = 4; lastKnownFileType = sourcecode.c.objc; path = Constants.m; sourceTree = "<group>"; };
		7F9A65B116CAC2F200EBBA30 /* RecipeTableViewController.h */ = {isa = PBXFileReference; fileEncoding = 4; lastKnownFileType = sourcecode.c.h; path = RecipeTableViewController.h; sourceTree = "<group>"; };
		7F9A65B216CAC2F200EBBA30 /* RecipeTableViewController.m */ = {isa = PBXFileReference; fileEncoding = 4; lastKnownFileType = sourcecode.c.objc; path = RecipeTableViewController.m; sourceTree = "<group>"; };
		7F9A65BC16CB417700EBBA30 /* icon@2x.png */ = {isa = PBXFileReference; lastKnownFileType = image.png; path = "icon@2x.png"; sourceTree = "<group>"; };
		7F9A65BD16CB417700EBBA30 /* icon.png */ = {isa = PBXFileReference; lastKnownFileType = image.png; path = icon.png; sourceTree = "<group>"; };
		7F9C555C16D701A20015224C /* Parse.framework */ = {isa = PBXFileReference; lastKnownFileType = wrapper.framework; path = Parse.framework; sourceTree = "<group>"; };
		7F9C555E16D701E80015224C /* AudioToolbox.framework */ = {isa = PBXFileReference; lastKnownFileType = wrapper.framework; name = AudioToolbox.framework; path = System/Library/Frameworks/AudioToolbox.framework; sourceTree = SDKROOT; };
		7F9C556016D701ED0015224C /* Accounts.framework */ = {isa = PBXFileReference; lastKnownFileType = wrapper.framework; name = Accounts.framework; path = System/Library/Frameworks/Accounts.framework; sourceTree = SDKROOT; };
		7F9C556216D701F30015224C /* AdSupport.framework */ = {isa = PBXFileReference; lastKnownFileType = wrapper.framework; name = AdSupport.framework; path = System/Library/Frameworks/AdSupport.framework; sourceTree = SDKROOT; };
		7F9C556416D701F90015224C /* CFNetwork.framework */ = {isa = PBXFileReference; lastKnownFileType = wrapper.framework; name = CFNetwork.framework; path = System/Library/Frameworks/CFNetwork.framework; sourceTree = SDKROOT; };
		7F9C556616D702050015224C /* CoreLocation.framework */ = {isa = PBXFileReference; lastKnownFileType = wrapper.framework; name = CoreLocation.framework; path = System/Library/Frameworks/CoreLocation.framework; sourceTree = SDKROOT; };
		7F9C556816D7020D0015224C /* libsqlite3.dylib */ = {isa = PBXFileReference; lastKnownFileType = "compiled.mach-o.dylib"; name = libsqlite3.dylib; path = usr/lib/libsqlite3.dylib; sourceTree = SDKROOT; };
		7F9C556A16D702160015224C /* libz.1.1.3.dylib */ = {isa = PBXFileReference; lastKnownFileType = "compiled.mach-o.dylib"; name = libz.1.1.3.dylib; path = usr/lib/libz.1.1.3.dylib; sourceTree = SDKROOT; };
		7F9C556C16D7021E0015224C /* MobileCoreServices.framework */ = {isa = PBXFileReference; lastKnownFileType = wrapper.framework; name = MobileCoreServices.framework; path = System/Library/Frameworks/MobileCoreServices.framework; sourceTree = SDKROOT; };
		7F9C556E16D7022F0015224C /* Security.framework */ = {isa = PBXFileReference; lastKnownFileType = wrapper.framework; name = Security.framework; path = System/Library/Frameworks/Security.framework; sourceTree = SDKROOT; };
		7F9C557016D702340015224C /* Social.framework */ = {isa = PBXFileReference; lastKnownFileType = wrapper.framework; name = Social.framework; path = System/Library/Frameworks/Social.framework; sourceTree = SDKROOT; };
		7F9C557216D702390015224C /* StoreKit.framework */ = {isa = PBXFileReference; lastKnownFileType = wrapper.framework; name = StoreKit.framework; path = System/Library/Frameworks/StoreKit.framework; sourceTree = SDKROOT; };
		7F9C557416D7023F0015224C /* SystemConfiguration.framework */ = {isa = PBXFileReference; lastKnownFileType = wrapper.framework; name = SystemConfiguration.framework; path = System/Library/Frameworks/SystemConfiguration.framework; sourceTree = SDKROOT; };
		7FA796C616D3492200102AF7 /* GCDiscreetNotificationView.h */ = {isa = PBXFileReference; fileEncoding = 4; lastKnownFileType = sourcecode.c.h; path = GCDiscreetNotificationView.h; sourceTree = "<group>"; };
		7FA796C716D3492200102AF7 /* GCDiscreetNotificationView.m */ = {isa = PBXFileReference; fileEncoding = 4; lastKnownFileType = sourcecode.c.objc; path = GCDiscreetNotificationView.m; sourceTree = "<group>"; };
		7FB80ED016C9852C00C25E3E /* SettingsViewController.h */ = {isa = PBXFileReference; fileEncoding = 4; lastKnownFileType = sourcecode.c.h; path = SettingsViewController.h; sourceTree = "<group>"; };
		7FB80ED116C9852C00C25E3E /* SettingsViewController.m */ = {isa = PBXFileReference; fileEncoding = 4; lastKnownFileType = sourcecode.c.objc; path = SettingsViewController.m; sourceTree = "<group>"; };
		7FC4F79E16C4918C005E904C /* Delightful.xcdatamodel */ = {isa = PBXFileReference; lastKnownFileType = wrapper.xcdatamodel; path = Delightful.xcdatamodel; sourceTree = "<group>"; };
		7FCB518016DC10F2003C1177 /* sync@2x.png */ = {isa = PBXFileReference; lastKnownFileType = image.png; path = "sync@2x.png"; sourceTree = "<group>"; };
		7FCB518116DC10F4003C1177 /* sync.png */ = {isa = PBXFileReference; lastKnownFileType = image.png; path = sync.png; sourceTree = "<group>"; };
		7FCB518516DC11BE003C1177 /* DefaultSettingsViewController.h */ = {isa = PBXFileReference; fileEncoding = 4; lastKnownFileType = sourcecode.c.h; path = DefaultSettingsViewController.h; sourceTree = "<group>"; };
		7FCB518616DC11BE003C1177 /* DefaultSettingsViewController.m */ = {isa = PBXFileReference; fileEncoding = 4; lastKnownFileType = sourcecode.c.objc; path = DefaultSettingsViewController.m; sourceTree = "<group>"; };
		7FD4024916C46ECD0042346C /* AddItemViewController.h */ = {isa = PBXFileReference; fileEncoding = 4; lastKnownFileType = sourcecode.c.h; name = AddItemViewController.h; path = Delightful/AddItemViewController.h; sourceTree = SOURCE_ROOT; };
		7FD4024A16C46ECD0042346C /* AddItemViewController.m */ = {isa = PBXFileReference; fileEncoding = 4; lastKnownFileType = sourcecode.c.objc; name = AddItemViewController.m; path = Delightful/AddItemViewController.m; sourceTree = SOURCE_ROOT; };
		7FD4024B16C46ECD0042346C /* AppDelegate.h */ = {isa = PBXFileReference; fileEncoding = 4; lastKnownFileType = sourcecode.c.h; name = AppDelegate.h; path = Delightful/AppDelegate.h; sourceTree = SOURCE_ROOT; };
		7FD4024C16C46ECD0042346C /* AppDelegate.m */ = {isa = PBXFileReference; fileEncoding = 4; lastKnownFileType = sourcecode.c.objc; name = AppDelegate.m; path = Delightful/AppDelegate.m; sourceTree = SOURCE_ROOT; };
		7FD4024D16C46ECD0042346C /* MasterViewController.h */ = {isa = PBXFileReference; fileEncoding = 4; lastKnownFileType = sourcecode.c.h; name = MasterViewController.h; path = Delightful/MasterViewController.h; sourceTree = SOURCE_ROOT; };
		7FD4024E16C46ECD0042346C /* MasterViewController.m */ = {isa = PBXFileReference; fileEncoding = 4; lastKnownFileType = sourcecode.c.objc; name = MasterViewController.m; path = Delightful/MasterViewController.m; sourceTree = SOURCE_ROOT; };
		7FD4026816C46F690042346C /* Delightful-Info.plist */ = {isa = PBXFileReference; fileEncoding = 4; lastKnownFileType = text.plist.xml; name = "Delightful-Info.plist"; path = "Delightful/Delightful-Info.plist"; sourceTree = SOURCE_ROOT; };
		7FD4026916C46F690042346C /* Delightful-Prefix.pch */ = {isa = PBXFileReference; fileEncoding = 4; lastKnownFileType = sourcecode.c.h; name = "Delightful-Prefix.pch"; path = "Delightful/Delightful-Prefix.pch"; sourceTree = SOURCE_ROOT; };
		7FD4026A16C46F690042346C /* Item.h */ = {isa = PBXFileReference; fileEncoding = 4; lastKnownFileType = sourcecode.c.h; name = Item.h; path = Delightful/Item.h; sourceTree = SOURCE_ROOT; };
		7FD4026B16C46F690042346C /* Item.m */ = {isa = PBXFileReference; fileEncoding = 4; lastKnownFileType = sourcecode.c.objc; name = Item.m; path = Delightful/Item.m; sourceTree = SOURCE_ROOT; };
		7FD4026C16C46F690042346C /* main.m */ = {isa = PBXFileReference; fileEncoding = 4; lastKnownFileType = sourcecode.c.objc; name = main.m; path = Delightful/main.m; sourceTree = SOURCE_ROOT; };
		7FD4027316C46FA30042346C /* cart.png */ = {isa = PBXFileReference; lastKnownFileType = image.png; path = cart.png; sourceTree = "<group>"; };
		7FD4027416C46FA30042346C /* cart@2x.png */ = {isa = PBXFileReference; lastKnownFileType = image.png; path = "cart@2x.png"; sourceTree = "<group>"; };
		7FD4027516C46FA30042346C /* cartTab.png */ = {isa = PBXFileReference; lastKnownFileType = image.png; path = cartTab.png; sourceTree = "<group>"; };
		7FD4027616C46FA30042346C /* cartTab@2x.png */ = {isa = PBXFileReference; lastKnownFileType = image.png; path = "cartTab@2x.png"; sourceTree = "<group>"; };
		7FD4027716C46FA30042346C /* check.png */ = {isa = PBXFileReference; lastKnownFileType = image.png; path = check.png; sourceTree = "<group>"; };
		7FD4027816C46FA30042346C /* check@2x.png */ = {isa = PBXFileReference; lastKnownFileType = image.png; path = "check@2x.png"; sourceTree = "<group>"; };
		7FD4027916C46FA30042346C /* chef.png */ = {isa = PBXFileReference; lastKnownFileType = image.png; path = chef.png; sourceTree = "<group>"; };
		7FD4027A16C46FA30042346C /* chef@2x.png */ = {isa = PBXFileReference; lastKnownFileType = image.png; path = "chef@2x.png"; sourceTree = "<group>"; };
		7FD4027B16C46FA30042346C /* Default-568h@2x.png */ = {isa = PBXFileReference; lastKnownFileType = image.png; path = "Default-568h@2x.png"; sourceTree = "<group>"; };
		7FD4027C16C46FA30042346C /* Default.png */ = {isa = PBXFileReference; lastKnownFileType = image.png; path = Default.png; sourceTree = "<group>"; };
		7FD4027D16C46FA30042346C /* Default@2x.png */ = {isa = PBXFileReference; lastKnownFileType = image.png; path = "Default@2x.png"; sourceTree = "<group>"; };
		7FD4028A16C472090042346C /* en */ = {isa = PBXFileReference; lastKnownFileType = file.storyboard; name = en; path = Delightful/en.lproj/MainStoryboard.storyboard; sourceTree = SOURCE_ROOT; };
		7FD4028D16C472180042346C /* en */ = {isa = PBXFileReference; lastKnownFileType = text.plist.strings; name = en; path = Delightful/en.lproj/InfoPlist.strings; sourceTree = SOURCE_ROOT; };
		7FDCD8C716C9F4F900EB10E2 /* Model.h */ = {isa = PBXFileReference; fileEncoding = 4; lastKnownFileType = sourcecode.c.h; path = Model.h; sourceTree = "<group>"; };
		7FDCD8C816C9F4F900EB10E2 /* Model.m */ = {isa = PBXFileReference; fileEncoding = 4; lastKnownFileType = sourcecode.c.objc; path = Model.m; sourceTree = "<group>"; };
/* End PBXFileReference section */

/* Begin PBXFrameworksBuildPhase section */
		7F1CB42F16BCC8BA00F77D92 /* Frameworks */ = {
			isa = PBXFrameworksBuildPhase;
			buildActionMask = 2147483647;
			files = (
				7F9C557516D7023F0015224C /* SystemConfiguration.framework in Frameworks */,
				7F9C557316D702390015224C /* StoreKit.framework in Frameworks */,
				7F9C557116D702340015224C /* Social.framework in Frameworks */,
				7F9C556F16D7022F0015224C /* Security.framework in Frameworks */,
				7F8A071D16C9C41200EFB1F8 /* QuartzCore.framework in Frameworks */,
				7F9C556D16D7021E0015224C /* MobileCoreServices.framework in Frameworks */,
				7F9C556B16D702160015224C /* libz.1.1.3.dylib in Frameworks */,
				7F9C556916D7020D0015224C /* libsqlite3.dylib in Frameworks */,
				7F9C556716D702050015224C /* CoreLocation.framework in Frameworks */,
				7F1CB43A16BCC8BA00F77D92 /* CoreGraphics.framework in Frameworks */,
				7F9C556516D701F90015224C /* CFNetwork.framework in Frameworks */,
				7F9C556316D701F30015224C /* AdSupport.framework in Frameworks */,
				7F9C556116D701ED0015224C /* Accounts.framework in Frameworks */,
				7F9C555F16D701E80015224C /* AudioToolbox.framework in Frameworks */,
				7F1CB43616BCC8BA00F77D92 /* UIKit.framework in Frameworks */,
				7F1CB43816BCC8BA00F77D92 /* Foundation.framework in Frameworks */,
				7F1CB43C16BCC8BA00F77D92 /* CoreData.framework in Frameworks */,
				7F9C555D16D701A20015224C /* Parse.framework in Frameworks */,
			);
			runOnlyForDeploymentPostprocessing = 0;
		};
/* End PBXFrameworksBuildPhase section */

/* Begin PBXGroup section */
		7F1CB42916BCC8B900F77D92 = {
			isa = PBXGroup;
			children = (
				7F1CB43D16BCC8BA00F77D92 /* Delightful */,
				7F1CB43416BCC8BA00F77D92 /* Frameworks */,
				7F1CB43316BCC8BA00F77D92 /* Products */,
			);
			sourceTree = "<group>";
		};
		7F1CB43316BCC8BA00F77D92 /* Products */ = {
			isa = PBXGroup;
			children = (
				7F1CB43216BCC8BA00F77D92 /* Delightful.app */,
			);
			name = Products;
			sourceTree = "<group>";
		};
		7F1CB43416BCC8BA00F77D92 /* Frameworks */ = {
			isa = PBXGroup;
			children = (
				7F9C557416D7023F0015224C /* SystemConfiguration.framework */,
				7F9C557216D702390015224C /* StoreKit.framework */,
				7F9C557016D702340015224C /* Social.framework */,
				7F9C556E16D7022F0015224C /* Security.framework */,
				7F9C556C16D7021E0015224C /* MobileCoreServices.framework */,
				7F9C556A16D702160015224C /* libz.1.1.3.dylib */,
				7F9C556816D7020D0015224C /* libsqlite3.dylib */,
				7F9C556616D702050015224C /* CoreLocation.framework */,
				7F9C556416D701F90015224C /* CFNetwork.framework */,
				7F9C556216D701F30015224C /* AdSupport.framework */,
				7F9C556016D701ED0015224C /* Accounts.framework */,
				7F9C555E16D701E80015224C /* AudioToolbox.framework */,
				7F9C555C16D701A20015224C /* Parse.framework */,
				7F8A071C16C9C41200EFB1F8 /* QuartzCore.framework */,
				7F1CB43516BCC8BA00F77D92 /* UIKit.framework */,
				7F1CB43716BCC8BA00F77D92 /* Foundation.framework */,
				7F1CB43916BCC8BA00F77D92 /* CoreGraphics.framework */,
				7F1CB43B16BCC8BA00F77D92 /* CoreData.framework */,
			);
			name = Frameworks;
			sourceTree = "<group>";
		};
		7F1CB43D16BCC8BA00F77D92 /* Delightful */ = {
			isa = PBXGroup;
			children = (
				7FD4024B16C46ECD0042346C /* AppDelegate.h */,
				7FD4024C16C46ECD0042346C /* AppDelegate.m */,
				7FDCD8C716C9F4F900EB10E2 /* Model.h */,
				7FDCD8C816C9F4F900EB10E2 /* Model.m */,
				7FC4F79E16C4918C005E904C /* Delightful.xcdatamodel */,
				7FD4028916C472090042346C /* MainStoryboard.storyboard */,
				7F27F50916EE97B30021F223 /* SlideViewController.h */,
				7F27F50A16EE97B30021F223 /* SlideViewController.m */,
				7F27F54516EE9DF30021F223 /* MenuCell.h */,
				7F27F54616EE9DF30021F223 /* MenuCell.m */,
				7F9A65B416CAC2FD00EBBA30 /* Tabs */,
				7F1CB43E16BCC8BA00F77D92 /* Supporting Files */,
			);
			path = Delightful;
			sourceTree = "<group>";
		};
		7F1CB43E16BCC8BA00F77D92 /* Supporting Files */ = {
			isa = PBXGroup;
			children = (
				7F27F4EE16EE97140021F223 /* SASlideMenu */,
				7FD4027216C46FA30042346C /* Assets */,
				7FD4026A16C46F690042346C /* Item.h */,
				7FD4026B16C46F690042346C /* Item.m */,
				7F66435316D2DEF4004E527B /* KGNoise.h */,
				7F66435416D2DEF4004E527B /* KGNoise.m */,
				7FA796C616D3492200102AF7 /* GCDiscreetNotificationView.h */,
				7FA796C716D3492200102AF7 /* GCDiscreetNotificationView.m */,
				7F36FA0616EDADF300402C45 /* Constants.h */,
				7F8DB74C16EDADBD002CB947 /* Constants.m */,
				7FD4028C16C472180042346C /* InfoPlist.strings */,
				7FD4026816C46F690042346C /* Delightful-Info.plist */,
				7FD4026916C46F690042346C /* Delightful-Prefix.pch */,
				7FD4026C16C46F690042346C /* main.m */,
			);
			name = "Supporting Files";
			sourceTree = "<group>";
		};
		7F27F4EE16EE97140021F223 /* SASlideMenu */ = {
			isa = PBXGroup;
			children = (
				7F27F50C16EE9B6B0021F223 /* slideMenuImages */,
				7F27F4EF16EE97200021F223 /* SASlideMenuDataSource.h */,
				7F27F4F016EE97200021F223 /* SASlideMenuDelegate.h */,
				7F27F4F116EE97200021F223 /* SASlideMenuContentSegue.h */,
				7F27F4F216EE97200021F223 /* SASlideMenuContentSegue.m */,
				7F27F4F316EE97200021F223 /* SASlideMenuLeftMenuSegue.h */,
				7F27F4F416EE97200021F223 /* SASlideMenuLeftMenuSegue.m */,
				7F27F4F516EE97200021F223 /* SASlideMenuRightMenuSegue.h */,
				7F27F4F616EE97200021F223 /* SASlideMenuRightMenuSegue.m */,
				7F27F4F716EE97200021F223 /* SASlideMenuPushSegue.h */,
				7F27F4F816EE97200021F223 /* SASlideMenuPushSegue.m */,
				7F27F4F916EE97200021F223 /* SASlideMenuViewController.h */,
				7F27F4FA16EE97200021F223 /* SASlideMenuViewController.m */,
				7F27F4FB16EE97200021F223 /* SASlideMenuRootViewController.h */,
				7F27F4FC16EE97200021F223 /* SASlideMenuRootViewController.m */,
				7F27F4FD16EE97200021F223 /* SASlideMenuRightMenuViewController.h */,
				7F27F4FE16EE97200021F223 /* SASlideMenuRightMenuViewController.m */,
				7F27F4FF16EE97200021F223 /* SASlideMenuNavigationController.h */,
				7F27F50016EE97200021F223 /* SASlideMenuNavigationController.m */,
			);
			name = SASlideMenu;
			sourceTree = "<group>";
		};
		7F27F50C16EE9B6B0021F223 /* slideMenuImages */ = {
			isa = PBXGroup;
			children = (
				7F27F50D16EE9B820021F223 /* Screenshot-Dynamic-Menu.png */,
				7F27F50E16EE9B820021F223 /* Screenshot-Dynamic-Right.png */,
				7F27F50F16EE9B820021F223 /* Screenshot-Static-Menu.png */,
				7F27F51016EE9B820021F223 /* menuright.png */,
				7F27F51116EE9B820021F223 /* menuright@2x.png */,
				7F27F51216EE9B820021F223 /* rowcircle.png */,
				7F27F51316EE9B820021F223 /* rowcircle@2x.png */,
				7F27F51416EE9B820021F223 /* rowpenta.png */,
				7F27F51516EE9B820021F223 /* rowpenta@@x.png */,
				7F27F51616EE9B820021F223 /* rowpenta@2x.png */,
				7F27F51716EE9B820021F223 /* rowsquare.png */,
				7F27F51816EE9B820021F223 /* rowsquare@2x.png */,
				7F27F51916EE9B820021F223 /* selectedColoredRow.png */,
				7F27F51A16EE9B820021F223 /* selectedColoredRow@2x.png */,
				7F27F51B16EE9B820021F223 /* Screenshot-Landscape.png */,
				7F27F51C16EE9B820021F223 /* Screenshot-Portrait.png */,
				7F27F51D16EE9B820021F223 /* menu.png */,
				7F27F51E16EE9B820021F223 /* menu@2x.png */,
				7F27F51F16EE9B820021F223 /* menuhighlighted.png */,
				7F27F52016EE9B820021F223 /* menuhighlighted@2x.png */,
				7F27F52116EE9B820021F223 /* menuicon.png */,
				7F27F52216EE9B820021F223 /* menuicon@2x.png */,
				7F27F52316EE9B820021F223 /* disclosure.png */,
				7F27F52416EE9B820021F223 /* disclosure@2x.png */,
				7F27F52516EE9B820021F223 /* row.png */,
				7F27F52616EE9B820021F223 /* row@2x.png */,
				7F27F52716EE9B820021F223 /* rowselected.png */,
				7F27F52816EE9B820021F223 /* rowselected@2x.png */,
			);
			name = slideMenuImages;
			sourceTree = "<group>";
		};
		7F9A65B416CAC2FD00EBBA30 /* Tabs */ = {
			isa = PBXGroup;
			children = (
				7F9A65B516CAC30D00EBBA30 /* Shopping List */,
				7F9A65B716CAC33500EBBA30 /* Recipes */,
				7FCB518416DC1182003C1177 /* Sync */,
			);
			name = Tabs;
			sourceTree = "<group>";
		};
		7F9A65B516CAC30D00EBBA30 /* Shopping List */ = {
			isa = PBXGroup;
			children = (
				7FD4024D16C46ECD0042346C /* MasterViewController.h */,
				7FD4024E16C46ECD0042346C /* MasterViewController.m */,
				7F9A65B616CAC31B00EBBA30 /* subviews */,
			);
			name = "Shopping List";
			sourceTree = "<group>";
		};
		7F9A65B616CAC31B00EBBA30 /* subviews */ = {
			isa = PBXGroup;
			children = (
				7FD4024916C46ECD0042346C /* AddItemViewController.h */,
				7FD4024A16C46ECD0042346C /* AddItemViewController.m */,
				7F16E50016C8885A00C5C060 /* EditItemViewController.h */,
				7F16E50116C8885A00C5C060 /* EditItemViewController.m */,
				7FB80ED016C9852C00C25E3E /* SettingsViewController.h */,
				7FB80ED116C9852C00C25E3E /* SettingsViewController.m */,
			);
			name = subviews;
			sourceTree = "<group>";
		};
		7F9A65B716CAC33500EBBA30 /* Recipes */ = {
			isa = PBXGroup;
			children = (
				7F9A65B116CAC2F200EBBA30 /* RecipeTableViewController.h */,
				7F9A65B216CAC2F200EBBA30 /* RecipeTableViewController.m */,
			);
			name = Recipes;
			sourceTree = "<group>";
		};
		7FCB518416DC1182003C1177 /* Sync */ = {
			isa = PBXGroup;
			children = (
				7FCB518516DC11BE003C1177 /* DefaultSettingsViewController.h */,
				7FCB518616DC11BE003C1177 /* DefaultSettingsViewController.m */,
			);
			name = Sync;
			sourceTree = "<group>";
		};
		7FD4027216C46FA30042346C /* Assets */ = {
			isa = PBXGroup;
			children = (
				7F66434F16D2DC7E004E527B /* retina_wood@2X.png */,
				7F66435016D2DC7E004E527B /* retina_wood.png */,
				7F2170B016D2CA0B00303CF5 /* Snell Roundhand Black Script.ttf */,
				7F2170AE16D2C75A00303CF5 /* SnellRoundhandBold.ttf */,
				7F9A65BC16CB417700EBBA30 /* icon@2x.png */,
				7F9A65BD16CB417700EBBA30 /* icon.png */,
				7F8A072D16C9C9E900EFB1F8 /* settings.png */,
				7F8A072E16C9C9E900EFB1F8 /* settings@2x.png */,
				7FD4027316C46FA30042346C /* cart.png */,
				7FD4027416C46FA30042346C /* cart@2x.png */,
				7FD4027516C46FA30042346C /* cartTab.png */,
				7FD4027616C46FA30042346C /* cartTab@2x.png */,
				7FD4027716C46FA30042346C /* check.png */,
				7FD4027816C46FA30042346C /* check@2x.png */,
				7FD4027916C46FA30042346C /* chef.png */,
				7FD4027A16C46FA30042346C /* chef@2x.png */,
				7FCB518016DC10F2003C1177 /* sync@2x.png */,
				7FCB518116DC10F4003C1177 /* sync.png */,
				7FD4027B16C46FA30042346C /* Default-568h@2x.png */,
				7FD4027C16C46FA30042346C /* Default.png */,
				7FD4027D16C46FA30042346C /* Default@2x.png */,
			);
			name = Assets;
			path = Delightful/assets;
			sourceTree = SOURCE_ROOT;
		};
/* End PBXGroup section */

/* Begin PBXNativeTarget section */
		7F1CB43116BCC8BA00F77D92 /* Delightful */ = {
			isa = PBXNativeTarget;
			buildConfigurationList = 7F1CB45D16BCC8BA00F77D92 /* Build configuration list for PBXNativeTarget "Delightful" */;
			buildPhases = (
				7F1CB42E16BCC8BA00F77D92 /* Sources */,
				7F1CB42F16BCC8BA00F77D92 /* Frameworks */,
				7F1CB43016BCC8BA00F77D92 /* Resources */,
			);
			buildRules = (
			);
			dependencies = (
			);
			name = Delightful;
			productName = Delightful;
			productReference = 7F1CB43216BCC8BA00F77D92 /* Delightful.app */;
			productType = "com.apple.product-type.application";
		};
/* End PBXNativeTarget section */

/* Begin PBXProject section */
		7F1CB42A16BCC8B900F77D92 /* Project object */ = {
			isa = PBXProject;
			attributes = {
				LastUpgradeCheck = 0460;
				ORGANIZATIONNAME = com.company;
			};
			buildConfigurationList = 7F1CB42D16BCC8B900F77D92 /* Build configuration list for PBXProject "Delightful" */;
			compatibilityVersion = "Xcode 3.2";
			developmentRegion = English;
			hasScannedForEncodings = 0;
			knownRegions = (
				en,
			);
			mainGroup = 7F1CB42916BCC8B900F77D92;
			productRefGroup = 7F1CB43316BCC8BA00F77D92 /* Products */;
			projectDirPath = "";
			projectRoot = "";
			targets = (
				7F1CB43116BCC8BA00F77D92 /* Delightful */,
			);
		};
/* End PBXProject section */

/* Begin PBXResourcesBuildPhase section */
		7F1CB43016BCC8BA00F77D92 /* Resources */ = {
			isa = PBXResourcesBuildPhase;
			buildActionMask = 2147483647;
			files = (
				7FD4027E16C46FA30042346C /* cart.png in Resources */,
				7FD4027F16C46FA30042346C /* cart@2x.png in Resources */,
				7FD4028016C46FA30042346C /* cartTab.png in Resources */,
				7FD4028116C46FA30042346C /* cartTab@2x.png in Resources */,
				7FD4028216C46FA30042346C /* check.png in Resources */,
				7FD4028316C46FA30042346C /* check@2x.png in Resources */,
				7FD4028416C46FA30042346C /* chef.png in Resources */,
				7FD4028516C46FA30042346C /* chef@2x.png in Resources */,
				7FD4028616C46FA30042346C /* Default-568h@2x.png in Resources */,
				7FD4028716C46FA30042346C /* Default.png in Resources */,
				7FD4028816C46FA30042346C /* Default@2x.png in Resources */,
				7FD4028B16C472090042346C /* MainStoryboard.storyboard in Resources */,
				7FD4028E16C472180042346C /* InfoPlist.strings in Resources */,
				7F8A072F16C9C9EA00EFB1F8 /* settings.png in Resources */,
				7F8A073016C9C9EA00EFB1F8 /* settings@2x.png in Resources */,
				7F9A65BE16CB417700EBBA30 /* icon@2x.png in Resources */,
				7F9A65BF16CB417700EBBA30 /* icon.png in Resources */,
				7F2170AF16D2C75A00303CF5 /* SnellRoundhandBold.ttf in Resources */,
				7F2170B116D2CA0B00303CF5 /* Snell Roundhand Black Script.ttf in Resources */,
				7F66435116D2DC7E004E527B /* retina_wood@2X.png in Resources */,
				7F66435216D2DC7E004E527B /* retina_wood.png in Resources */,
				7FCB518216DC10F7003C1177 /* sync@2x.png in Resources */,
				7FCB518316DC10F7003C1177 /* sync.png in Resources */,
				7F27F52916EE9B820021F223 /* Screenshot-Dynamic-Menu.png in Resources */,
				7F27F52A16EE9B820021F223 /* Screenshot-Dynamic-Right.png in Resources */,
				7F27F52B16EE9B820021F223 /* Screenshot-Static-Menu.png in Resources */,
				7F27F52C16EE9B820021F223 /* menuright.png in Resources */,
				7F27F52D16EE9B820021F223 /* menuright@2x.png in Resources */,
				7F27F52E16EE9B820021F223 /* rowcircle.png in Resources */,
				7F27F52F16EE9B820021F223 /* rowcircle@2x.png in Resources */,
				7F27F53016EE9B820021F223 /* rowpenta.png in Resources */,
				7F27F53116EE9B820021F223 /* rowpenta@@x.png in Resources */,
				7F27F53216EE9B820021F223 /* rowpenta@2x.png in Resources */,
				7F27F53316EE9B820021F223 /* rowsquare.png in Resources */,
				7F27F53416EE9B820021F223 /* rowsquare@2x.png in Resources */,
				7F27F53516EE9B820021F223 /* selectedColoredRow.png in Resources */,
				7F27F53616EE9B820021F223 /* selectedColoredRow@2x.png in Resources */,
				7F27F53716EE9B820021F223 /* Screenshot-Landscape.png in Resources */,
				7F27F53816EE9B820021F223 /* Screenshot-Portrait.png in Resources */,
				7F27F53916EE9B820021F223 /* menu.png in Resources */,
				7F27F53A16EE9B820021F223 /* menu@2x.png in Resources */,
				7F27F53B16EE9B820021F223 /* menuhighlighted.png in Resources */,
				7F27F53C16EE9B820021F223 /* menuhighlighted@2x.png in Resources */,
				7F27F53D16EE9B820021F223 /* menuicon.png in Resources */,
				7F27F53E16EE9B820021F223 /* menuicon@2x.png in Resources */,
				7F27F53F16EE9B820021F223 /* disclosure.png in Resources */,
				7F27F54016EE9B820021F223 /* disclosure@2x.png in Resources */,
				7F27F54116EE9B820021F223 /* row.png in Resources */,
				7F27F54216EE9B820021F223 /* row@2x.png in Resources */,
				7F27F54316EE9B820021F223 /* rowselected.png in Resources */,
				7F27F54416EE9B820021F223 /* rowselected@2x.png in Resources */,
			);
			runOnlyForDeploymentPostprocessing = 0;
		};
/* End PBXResourcesBuildPhase section */

/* Begin PBXSourcesBuildPhase section */
		7F1CB42E16BCC8BA00F77D92 /* Sources */ = {
			isa = PBXSourcesBuildPhase;
			buildActionMask = 2147483647;
			files = (
				7FD4024F16C46ECD0042346C /* AddItemViewController.m in Sources */,
				7FD4025016C46ECD0042346C /* AppDelegate.m in Sources */,
				7FD4025116C46ECD0042346C /* MasterViewController.m in Sources */,
				7FD4026F16C46F690042346C /* Item.m in Sources */,
				7FD4027016C46F690042346C /* main.m in Sources */,
				7FC4F79F16C4918C005E904C /* Delightful.xcdatamodel in Sources */,
				7F16E50216C8885A00C5C060 /* EditItemViewController.m in Sources */,
				7FB80ED216C9852C00C25E3E /* SettingsViewController.m in Sources */,
				7FDCD8C916C9F4F900EB10E2 /* Model.m in Sources */,
				7F9A65B316CAC2F200EBBA30 /* RecipeTableViewController.m in Sources */,
				7F66435516D2DEF4004E527B /* KGNoise.m in Sources */,
				7FA796C816D3492200102AF7 /* GCDiscreetNotificationView.m in Sources */,
				7FCB518716DC11BE003C1177 /* DefaultSettingsViewController.m in Sources */,
				7F8DB74D16EDADBD002CB947 /* Constants.m in Sources */,
				7F27F50116EE97200021F223 /* SASlideMenuContentSegue.m in Sources */,
				7F27F50216EE97200021F223 /* SASlideMenuLeftMenuSegue.m in Sources */,
				7F27F50316EE97200021F223 /* SASlideMenuRightMenuSegue.m in Sources */,
				7F27F50416EE97200021F223 /* SASlideMenuPushSegue.m in Sources */,
				7F27F50516EE97200021F223 /* SASlideMenuViewController.m in Sources */,
				7F27F50616EE97200021F223 /* SASlideMenuRootViewController.m in Sources */,
				7F27F50716EE97200021F223 /* SASlideMenuRightMenuViewController.m in Sources */,
				7F27F50816EE97200021F223 /* SASlideMenuNavigationController.m in Sources */,
				7F27F50B16EE97B30021F223 /* SlideViewController.m in Sources */,
				7F27F54716EE9DF30021F223 /* MenuCell.m in Sources */,
			);
			runOnlyForDeploymentPostprocessing = 0;
		};
/* End PBXSourcesBuildPhase section */

/* Begin PBXVariantGroup section */
		7FD4028916C472090042346C /* MainStoryboard.storyboard */ = {
			isa = PBXVariantGroup;
			children = (
				7FD4028A16C472090042346C /* en */,
			);
			name = MainStoryboard.storyboard;
			sourceTree = "<group>";
		};
		7FD4028C16C472180042346C /* InfoPlist.strings */ = {
			isa = PBXVariantGroup;
			children = (
				7FD4028D16C472180042346C /* en */,
			);
			name = InfoPlist.strings;
			sourceTree = "<group>";
		};
/* End PBXVariantGroup section */

/* Begin XCBuildConfiguration section */
		7F1CB45B16BCC8BA00F77D92 /* Debug */ = {
			isa = XCBuildConfiguration;
			buildSettings = {
				ALWAYS_SEARCH_USER_PATHS = NO;
				CLANG_CXX_LANGUAGE_STANDARD = "gnu++0x";
				CLANG_CXX_LIBRARY = "libc++";
				CLANG_ENABLE_OBJC_ARC = YES;
				CLANG_WARN_CONSTANT_CONVERSION = YES;
				CLANG_WARN_EMPTY_BODY = YES;
				CLANG_WARN_ENUM_CONVERSION = YES;
				CLANG_WARN_INT_CONVERSION = YES;
				CLANG_WARN__DUPLICATE_METHOD_MATCH = YES;
				"CODE_SIGN_IDENTITY[sdk=iphoneos*]" = "iPhone Developer";
				COPY_PHASE_STRIP = NO;
				GCC_C_LANGUAGE_STANDARD = gnu99;
				GCC_DYNAMIC_NO_PIC = NO;
				GCC_OPTIMIZATION_LEVEL = 0;
				GCC_PREPROCESSOR_DEFINITIONS = (
					"DEBUG=1",
					"$(inherited)",
				);
				GCC_SYMBOLS_PRIVATE_EXTERN = NO;
				GCC_WARN_ABOUT_RETURN_TYPE = YES;
				GCC_WARN_UNINITIALIZED_AUTOS = YES;
				GCC_WARN_UNUSED_VARIABLE = YES;
				IPHONEOS_DEPLOYMENT_TARGET = 6.1;
				ONLY_ACTIVE_ARCH = YES;
				SDKROOT = iphoneos;
			};
			name = Debug;
		};
		7F1CB45C16BCC8BA00F77D92 /* Release */ = {
			isa = XCBuildConfiguration;
			buildSettings = {
				ALWAYS_SEARCH_USER_PATHS = NO;
				CLANG_CXX_LANGUAGE_STANDARD = "gnu++0x";
				CLANG_CXX_LIBRARY = "libc++";
				CLANG_ENABLE_OBJC_ARC = YES;
				CLANG_WARN_CONSTANT_CONVERSION = YES;
				CLANG_WARN_EMPTY_BODY = YES;
				CLANG_WARN_ENUM_CONVERSION = YES;
				CLANG_WARN_INT_CONVERSION = YES;
				CLANG_WARN__DUPLICATE_METHOD_MATCH = YES;
				"CODE_SIGN_IDENTITY[sdk=iphoneos*]" = "iPhone Developer";
				COPY_PHASE_STRIP = YES;
				GCC_C_LANGUAGE_STANDARD = gnu99;
				GCC_WARN_ABOUT_RETURN_TYPE = YES;
				GCC_WARN_UNINITIALIZED_AUTOS = YES;
				GCC_WARN_UNUSED_VARIABLE = YES;
				IPHONEOS_DEPLOYMENT_TARGET = 6.1;
				OTHER_CFLAGS = "-DNS_BLOCK_ASSERTIONS=1";
				SDKROOT = iphoneos;
				VALIDATE_PRODUCT = YES;
			};
			name = Release;
		};
		7F1CB45E16BCC8BA00F77D92 /* Debug */ = {
			isa = XCBuildConfiguration;
			buildSettings = {
				CODE_SIGN_IDENTITY = "iPhone Developer: Jared Sealey (9A6S8L8WK3)";
				"CODE_SIGN_IDENTITY[sdk=iphoneos*]" = "iPhone Developer: Jared Sealey (9A6S8L8WK3)";
				FRAMEWORK_SEARCH_PATHS = (
					"$(inherited)",
					"\"$(SRCROOT)\"",
				);
				GCC_PRECOMPILE_PREFIX_HEADER = YES;
				GCC_PREFIX_HEADER = "Delightful/Delightful-Prefix.pch";
				INFOPLIST_FILE = "$(SRCROOT)/Delightful/Delightful-Info.plist";
				PRODUCT_NAME = Delightful;
				PROVISIONING_PROFILE = "";
				"PROVISIONING_PROFILE[sdk=iphoneos*]" = "";
				WRAPPER_EXTENSION = app;
			};
			name = Debug;
		};
		7F1CB45F16BCC8BA00F77D92 /* Release */ = {
			isa = XCBuildConfiguration;
			buildSettings = {
				CODE_SIGN_IDENTITY = "iPhone Developer: Jared Sealey (9A6S8L8WK3)";
				"CODE_SIGN_IDENTITY[sdk=iphoneos*]" = "iPhone Developer: Jared Sealey (9A6S8L8WK3)";
				FRAMEWORK_SEARCH_PATHS = (
					"$(inherited)",
					"\"$(SRCROOT)\"",
				);
				GCC_PRECOMPILE_PREFIX_HEADER = YES;
				GCC_PREFIX_HEADER = "Delightful/Delightful-Prefix.pch";
				INFOPLIST_FILE = "$(SRCROOT)/Delightful/Delightful-Info.plist";
				PRODUCT_NAME = Delightful;
				PROVISIONING_PROFILE = "";
				"PROVISIONING_PROFILE[sdk=iphoneos*]" = "";
				WRAPPER_EXTENSION = app;
			};
			name = Release;
		};
/* End XCBuildConfiguration section */

/* Begin XCConfigurationList section */
		7F1CB42D16BCC8B900F77D92 /* Build configuration list for PBXProject "Delightful" */ = {
			isa = XCConfigurationList;
			buildConfigurations = (
				7F1CB45B16BCC8BA00F77D92 /* Debug */,
				7F1CB45C16BCC8BA00F77D92 /* Release */,
			);
			defaultConfigurationIsVisible = 0;
			defaultConfigurationName = Release;
		};
		7F1CB45D16BCC8BA00F77D92 /* Build configuration list for PBXNativeTarget "Delightful" */ = {
			isa = XCConfigurationList;
			buildConfigurations = (
				7F1CB45E16BCC8BA00F77D92 /* Debug */,
				7F1CB45F16BCC8BA00F77D92 /* Release */,
			);
			defaultConfigurationIsVisible = 0;
			defaultConfigurationName = Release;
		};
/* End XCConfigurationList section */
	};
	rootObject = 7F1CB42A16BCC8B900F77D92 /* Project object */;
}
